// !$*UTF8*$!
{
	archiveVersion = 1;
	classes = {
	};
	objectVersion = 50;
	objects = {

/* Begin PBXBuildFile section */
		F9DFCD90233767120045F203 /* AppDelegate.swift in Sources */ = {isa = PBXBuildFile; fileRef = F9DFCD8F233767120045F203 /* AppDelegate.swift */; };
		F9DFCD92233767120045F203 /* ViewController.swift in Sources */ = {isa = PBXBuildFile; fileRef = F9DFCD91233767120045F203 /* ViewController.swift */; };
		F9DFCD94233767130045F203 /* Assets.xcassets in Resources */ = {isa = PBXBuildFile; fileRef = F9DFCD93233767130045F203 /* Assets.xcassets */; };
		F9DFCD97233767130045F203 /* Main.storyboard in Resources */ = {isa = PBXBuildFile; fileRef = F9DFCD95233767130045F203 /* Main.storyboard */; };
		F9DFCDA0233768D90045F203 /* MuziWindowController.swift in Sources */ = {isa = PBXBuildFile; fileRef = F9DFCD9F233768D90045F203 /* MuziWindowController.swift */; };
		F9DFCDA623376B5B0045F203 /* FirstTabViewController.swift in Sources */ = {isa = PBXBuildFile; fileRef = F9DFCDA523376B5B0045F203 /* FirstTabViewController.swift */; };
/* End PBXBuildFile section */

/* Begin PBXFileReference section */
		F9DFCD8C233767120045F203 /* WindowController.app */ = {isa = PBXFileReference; explicitFileType = wrapper.application; includeInIndex = 0; path = WindowController.app; sourceTree = BUILT_PRODUCTS_DIR; };
		F9DFCD8F233767120045F203 /* AppDelegate.swift */ = {isa = PBXFileReference; lastKnownFileType = sourcecode.swift; path = AppDelegate.swift; sourceTree = "<group>"; };
		F9DFCD91233767120045F203 /* ViewController.swift */ = {isa = PBXFileReference; lastKnownFileType = sourcecode.swift; path = ViewController.swift; sourceTree = "<group>"; };
		F9DFCD93233767130045F203 /* Assets.xcassets */ = {isa = PBXFileReference; lastKnownFileType = folder.assetcatalog; path = Assets.xcassets; sourceTree = "<group>"; };
		F9DFCD96233767130045F203 /* Base */ = {isa = PBXFileReference; lastKnownFileType = file.storyboard; name = Base; path = Base.lproj/Main.storyboard; sourceTree = "<group>"; };
		F9DFCD98233767130045F203 /* Info.plist */ = {isa = PBXFileReference; lastKnownFileType = text.plist.xml; path = Info.plist; sourceTree = "<group>"; };
		F9DFCD99233767130045F203 /* WindowController.entitlements */ = {isa = PBXFileReference; lastKnownFileType = text.plist.entitlements; path = WindowController.entitlements; sourceTree = "<group>"; };
		F9DFCD9F233768D90045F203 /* MuziWindowController.swift */ = {isa = PBXFileReference; lastKnownFileType = sourcecode.swift; path = MuziWindowController.swift; sourceTree = "<group>"; };
		F9DFCDA523376B5B0045F203 /* FirstTabViewController.swift */ = {isa = PBXFileReference; lastKnownFileType = sourcecode.swift; path = FirstTabViewController.swift; sourceTree = "<group>"; };
/* End PBXFileReference section */

/* Begin PBXFrameworksBuildPhase section */
		F9DFCD89233767120045F203 /* Frameworks */ = {
			isa = PBXFrameworksBuildPhase;
			buildActionMask = 2147483647;
			files = (
			);
			runOnlyForDeploymentPostprocessing = 0;
		};
/* End PBXFrameworksBuildPhase section */

/* Begin PBXGroup section */
		F9DFCD83233767120045F203 = {
			isa = PBXGroup;
			children = (
				F9DFCD8E233767120045F203 /* WindowController */,
				F9DFCD8D233767120045F203 /* Products */,
			);
			sourceTree = "<group>";
		};
		F9DFCD8D233767120045F203 /* Products */ = {
			isa = PBXGroup;
			children = (
				F9DFCD8C233767120045F203 /* WindowController.app */,
			);
			name = Products;
			sourceTree = "<group>";
		};
		F9DFCD8E233767120045F203 /* WindowController */ = {
			isa = PBXGroup;
			children = (
				F9DFCD8F233767120045F203 /* AppDelegate.swift */,
				F9DFCD91233767120045F203 /* ViewController.swift */,
				F9DFCD93233767130045F203 /* Assets.xcassets */,
				F9DFCD95233767130045F203 /* Main.storyboard */,
				F9DFCD98233767130045F203 /* Info.plist */,
				F9DFCD99233767130045F203 /* WindowController.entitlements */,
				F9DFCD9F233768D90045F203 /* MuziWindowController.swift */,
				F9DFCDA523376B5B0045F203 /* FirstTabViewController.swift */,
			);
			path = WindowController;
			sourceTree = "<group>";
		};
/* End PBXGroup section */

/* Begin PBXNativeTarget section */
		F9DFCD8B233767120045F203 /* WindowController */ = {
			isa = PBXNativeTarget;
			buildConfigurationList = F9DFCD9C233767130045F203 /* Build configuration list for PBXNativeTarget "WindowController" */;
			buildPhases = (
				F9DFCD88233767120045F203 /* Sources */,
				F9DFCD89233767120045F203 /* Frameworks */,
				F9DFCD8A233767120045F203 /* Resources */,
			);
			buildRules = (
			);
			dependencies = (
			);
			name = WindowController;
			productName = WindowController;
			productReference = F9DFCD8C233767120045F203 /* WindowController.app */;
			productType = "com.apple.product-type.application";
		};
/* End PBXNativeTarget section */

/* Begin PBXProject section */
		F9DFCD84233767120045F203 /* Project object */ = {
			isa = PBXProject;
			attributes = {
				LastSwiftUpdateCheck = 1030;
				LastUpgradeCheck = 1030;
				ORGANIZATIONNAME = "李建忠";
				TargetAttributes = {
					F9DFCD8B233767120045F203 = {
						CreatedOnToolsVersion = 10.3;
					};
				};
			};
			buildConfigurationList = F9DFCD87233767120045F203 /* Build configuration list for PBXProject "WindowController" */;
			compatibilityVersion = "Xcode 9.3";
			developmentRegion = en;
			hasScannedForEncodings = 0;
			knownRegions = (
				en,
				Base,
			);
			mainGroup = F9DFCD83233767120045F203;
			productRefGroup = F9DFCD8D233767120045F203 /* Products */;
			projectDirPath = "";
			projectRoot = "";
			targets = (
				F9DFCD8B233767120045F203 /* WindowController */,
			);
		};
/* End PBXProject section */

/* Begin PBXResourcesBuildPhase section */
		F9DFCD8A233767120045F203 /* Resources */ = {
			isa = PBXResourcesBuildPhase;
			buildActionMask = 2147483647;
			files = (
				F9DFCD94233767130045F203 /* Assets.xcassets in Resources */,
				F9DFCD97233767130045F203 /* Main.storyboard in Resources */,
			);
			runOnlyForDeploymentPostprocessing = 0;
		};
/* End PBXResourcesBuildPhase section */

/* Begin PBXSourcesBuildPhase section */
		F9DFCD88233767120045F203 /* Sources */ = {
			isa = PBXSourcesBuildPhase;
			buildActionMask = 2147483647;
			files = (
				F9DFCD92233767120045F203 /* ViewController.swift in Sources */,
				F9DFCDA623376B5B0045F203 /* FirstTabViewController.swift in Sources */,
				F9DFCDA0233768D90045F203 /* MuziWindowController.swift in Sources */,
				F9DFCD90233767120045F203 /* AppDelegate.swift in Sources */,
			);
			runOnlyForDeploymentPostprocessing = 0;
		};
/* End PBXSourcesBuildPhase section */

/* Begin PBXVariantGroup section */
		F9DFCD95233767130045F203 /* Main.storyboard */ = {
			isa = PBXVariantGroup;
			children = (
				F9DFCD96233767130045F203 /* Base */,
			);
			name = Main.storyboard;
			sourceTree = "<group>";
		};
/* End PBXVariantGroup section */

/* Begin XCBuildConfiguration section */
		F9DFCD9A233767130045F203 /* Debug */ = {
			isa = XCBuildConfiguration;
			buildSettings = {
				ALWAYS_SEARCH_USER_PATHS = NO;
				CLANG_ANALYZER_NONNULL = YES;
				CLANG_ANALYZER_NUMBER_OBJECT_CONVERSION = YES_AGGRESSIVE;
				CLANG_CXX_LANGUAGE_STANDARD = "gnu++14";
				CLANG_CXX_LIBRARY = "libc++";
				CLANG_ENABLE_MODULES = YES;
				CLANG_ENABLE_OBJC_ARC = YES;
				CLANG_ENABLE_OBJC_WEAK = YES;
				CLANG_WARN_BLOCK_CAPTURE_AUTORELEASING = YES;
				CLANG_WARN_BOOL_CONVERSION = YES;
				CLANG_WARN_COMMA = YES;
				CLANG_WARN_CONSTANT_CONVERSION = YES;
				CLANG_WARN_DEPRECATED_OBJC_IMPLEMENTATIONS = YES;
				CLANG_WARN_DIRECT_OBJC_ISA_USAGE = YES_ERROR;
				CLANG_WARN_DOCUMENTATION_COMMENTS = YES;
				CLANG_WARN_EMPTY_BODY = YES;
				CLANG_WARN_ENUM_CONVERSION = YES;
				CLANG_WARN_INFINITE_RECURSION = YES;
				CLANG_WARN_INT_CONVERSION = YES;
				CLANG_WARN_NON_LITERAL_NULL_CONVERSION = YES;
				CLANG_WARN_OBJC_IMPLICIT_RETAIN_SELF = YES;
				CLANG_WARN_OBJC_LITERAL_CONVERSION = YES;
				CLANG_WARN_OBJC_ROOT_CLASS = YES_ERROR;
				CLANG_WARN_RANGE_LOOP_ANALYSIS = YES;
				CLANG_WARN_STRICT_PROTOTYPES = YES;
				CLANG_WARN_SUSPICIOUS_MOVE = YES;
				CLANG_WARN_UNGUARDED_AVAILABILITY = YES_AGGRESSIVE;
				CLANG_WARN_UNREACHABLE_CODE = YES;
				CLANG_WARN__DUPLICATE_METHOD_MATCH = YES;
				CODE_SIGN_IDENTITY = "Mac Developer";
				COPY_PHASE_STRIP = NO;
				DEBUG_INFORMATION_FORMAT = dwarf;
				ENABLE_STRICT_OBJC_MSGSEND = YES;
				ENABLE_TESTABILITY = YES;
				GCC_C_LANGUAGE_STANDARD = gnu11;
				GCC_DYNAMIC_NO_PIC = NO;
				GCC_NO_COMMON_BLOCKS = YES;
				GCC_OPTIMIZATION_LEVEL = 0;
				GCC_PREPROCESSOR_DEFINITIONS = (
					"DEBUG=1",
					"$(inherited)",
				);
				GCC_WARN_64_TO_32_BIT_CONVERSION = YES;
				GCC_WARN_ABOUT_RETURN_TYPE = YES_ERROR;
				GCC_WARN_UNDECLARED_SELECTOR = YES;
				GCC_WARN_UNINITIALIZED_AUTOS = YES_AGGRESSIVE;
				GCC_WARN_UNUSED_FUNCTION = YES;
				GCC_WARN_UNUSED_VARIABLE = YES;
				MACOSX_DEPLOYMENT_TARGET = 10.14;
				MTL_ENABLE_DEBUG_INFO = INCLUDE_SOURCE;
				MTL_FAST_MATH = YES;
				ONLY_ACTIVE_ARCH = YES;
				SDKROOT = macosx;
				SWIFT_ACTIVE_COMPILATION_CONDITIONS = DEBUG;
				SWIFT_OPTIMIZATION_LEVEL = "-Onone";
			};
			name = Debug;
		};
		F9DFCD9B233767130045F203 /* Release */ = {
			isa = XCBuildConfiguration;
			buildSettings = {
				ALWAYS_SEARCH_USER_PATHS = NO;
				CLANG_ANALYZER_NONNULL = YES;
				CLANG_ANALYZER_NUMBER_OBJECT_CONVERSION = YES_AGGRESSIVE;
				CLANG_CXX_LANGUAGE_STANDARD = "gnu++14";
				CLANG_CXX_LIBRARY = "libc++";
				CLANG_ENABLE_MODULES = YES;
				CLANG_ENABLE_OBJC_ARC = YES;
				CLANG_ENABLE_OBJC_WEAK = YES;
				CLANG_WARN_BLOCK_CAPTURE_AUTORELEASING = YES;
				CLANG_WARN_BOOL_CONVERSION = YES;
				CLANG_WARN_COMMA = YES;
				CLANG_WARN_CONSTANT_CONVERSION = YES;
				CLANG_WARN_DEPRECATED_OBJC_IMPLEMENTATIONS = YES;
				CLANG_WARN_DIRECT_OBJC_ISA_USAGE = YES_ERROR;
				CLANG_WARN_DOCUMENTATION_COMMENTS = YES;
				CLANG_WARN_EMPTY_BODY = YES;
				CLANG_WARN_ENUM_CONVERSION = YES;
				CLANG_WARN_INFINITE_RECURSION = YES;
				CLANG_WARN_INT_CONVERSION = YES;
				CLANG_WARN_NON_LITERAL_NULL_CONVERSION = YES;
				CLANG_WARN_OBJC_IMPLICIT_RETAIN_SELF = YES;
				CLANG_WARN_OBJC_LITERAL_CONVERSION = YES;
				CLANG_WARN_OBJC_ROOT_CLASS = YES_ERROR;
				CLANG_WARN_RANGE_LOOP_ANALYSIS = YES;
				CLANG_WARN_STRICT_PROTOTYPES = YES;
				CLANG_WARN_SUSPICIOUS_MOVE = YES;
				CLANG_WARN_UNGUARDED_AVAILABILITY = YES_AGGRESSIVE;
				CLANG_WARN_UNREACHABLE_CODE = YES;
				CLANG_WARN__DUPLICATE_METHOD_MATCH = YES;
				CODE_SIGN_IDENTITY = "Mac Developer";
				COPY_PHASE_STRIP = NO;
				DEBUG_INFORMATION_FORMAT = "dwarf-with-dsym";
				ENABLE_NS_ASSERTIONS = NO;
				ENABLE_STRICT_OBJC_MSGSEND = YES;
				GCC_C_LANGUAGE_STANDARD = gnu11;
				GCC_NO_COMMON_BLOCKS = YES;
				GCC_WARN_64_TO_32_BIT_CONVERSION = YES;
				GCC_WARN_ABOUT_RETURN_TYPE = YES_ERROR;
				GCC_WARN_UNDECLARED_SELECTOR = YES;
				GCC_WARN_UNINITIALIZED_AUTOS = YES_AGGRESSIVE;
				GCC_WARN_UNUSED_FUNCTION = YES;
				GCC_WARN_UNUSED_VARIABLE = YES;
				MACOSX_DEPLOYMENT_TARGET = 10.14;
				MTL_ENABLE_DEBUG_INFO = NO;
				MTL_FAST_MATH = YES;
				SDKROOT = macosx;
				SWIFT_COMPILATION_MODE = wholemodule;
				SWIFT_OPTIMIZATION_LEVEL = "-O";
			};
			name = Release;
		};
		F9DFCD9D233767130045F203 /* Debug */ = {
			isa = XCBuildConfiguration;
			buildSettings = {
				ASSETCATALOG_COMPILER_APPICON_NAME = AppIcon;
				CODE_SIGN_ENTITLEMENTS = WindowController/WindowController.entitlements;
				CODE_SIGN_STYLE = Automatic;
				COMBINE_HIDPI_IMAGES = YES;
				DEVELOPMENT_TEAM = 9782QNA32L;
				INFOPLIST_FILE = WindowController/Info.plist;
				LD_RUNPATH_SEARCH_PATHS = (
					"$(inherited)",
					"@executable_path/../Frameworks",
				);
				PRODUCT_BUNDLE_IDENTIFIER = com.jzlee.WindowController;
				PRODUCT_NAME = "$(TARGET_NAME)";
				SWIFT_VERSION = 5.0;
			};
			name = Debug;
		};
		F9DFCD9E233767130045F203 /* Release */ = {
			isa = XCBuildConfiguration;
			buildSettings = {
				ASSETCATALOG_COMPILER_APPICON_NAME = AppIcon;
				CODE_SIGN_ENTITLEMENTS = WindowController/WindowController.entitlements;
				CODE_SIGN_STYLE = Automatic;
				COMBINE_HIDPI_IMAGES = YES;
				DEVELOPMENT_TEAM = 9782QNA32L;
				INFOPLIST_FILE = WindowController/Info.plist;
				LD_RUNPATH_SEARCH_PATHS = (
					"$(inherited)",
					"@executable_path/../Frameworks",
				);
				PRODUCT_BUNDLE_IDENTIFIER = com.jzlee.WindowController;
				PRODUCT_NAME = "$(TARGET_NAME)";
				SWIFT_VERSION = 5.0;
			};
			name = Release;
		};
/* End XCBuildConfiguration section */

/* Begin XCConfigurationList section */
		F9DFCD87233767120045F203 /* Build configuration list for PBXProject "WindowController" */ = {
			isa = XCConfigurationList;
			buildConfigurations = (
				F9DFCD9A233767130045F203 /* Debug */,
				F9DFCD9B233767130045F203 /* Release */,
			);
			defaultConfigurationIsVisible = 0;
			defaultConfigurationName = Release;
		};
		F9DFCD9C233767130045F203 /* Build configuration list for PBXNativeTarget "WindowController" */ = {
			isa = XCConfigurationList;
			buildConfigurations = (
				F9DFCD9D233767130045F203 /* Debug */,
				F9DFCD9E233767130045F203 /* Release */,
			);
			defaultConfigurationIsVisible = 0;
			defaultConfigurationName = Release;
		};
/* End XCConfigurationList section */
	};
	rootObject = F9DFCD84233767120045F203 /* Project object */;
}
